// !$*UTF8*$!
{
	archiveVersion = 1;
	classes = {
	};
	objectVersion = 77;
	objects = {

/* Begin PBXBuildFile section */
		C49820CB2F7EB72F00B1E80F /* FeedbackCustomizationTesterView.swift in Sources */ = {isa = PBXBuildFile; fileRef = C49820CA2F7EB72F00B1E80F /* FeedbackCustomizationTesterView.swift */; };
		C49820CD2F7EB74500B1E80F /* HapticFeedbackSelection.swift in Sources */ = {isa = PBXBuildFile; fileRef = C49820CC2F7EB74500B1E80F /* HapticFeedbackSelection.swift */; };
		C49CDCBD2F15525F0010FDE4 /* Assets.xcassets in Resources */ = {isa = PBXBuildFile; fileRef = C49CDC892F15525F0010FDE4 /* Assets.xcassets */; };
		C49CDCC52F15525F0010FDE4 /* testMap_Condition1.json in Resources */ = {isa = PBXBuildFile; fileRef = C49CDC932F15525F0010FDE4 /* testMap_Condition1.json */; };
		C49CDCC92F15525F0010FDE4 /* SpeechSynthesizerManager.swift in Sources */ = {isa = PBXBuildFile; fileRef = C49CDCB12F15525F0010FDE4 /* SpeechSynthesizerManager.swift */; };
		C49CDCCB2F15525F0010FDE4 /* CorridorFeature.swift in Sources */ = {isa = PBXBuildFile; fileRef = C49CDC8D2F15525F0010FDE4 /* CorridorFeature.swift */; };
		C49CDCCD2F15525F0010FDE4 /* RouteMapView.swift in Sources */ = {isa = PBXBuildFile; fileRef = C49CDCA62F15525F0010FDE4 /* RouteMapView.swift */; };
		C49CDCCF2F15525F0010FDE4 /* IntersectionFeature.swift in Sources */ = {isa = PBXBuildFile; fileRef = C49CDC8F2F15525F0010FDE4 /* IntersectionFeature.swift */; };
		C49CDCD12F15525F0010FDE4 /* MapFeature.swift in Sources */ = {isa = PBXBuildFile; fileRef = C49CDC912F15525F0010FDE4 /* MapFeature.swift */; };
		C49CDCD22F15525F0010FDE4 /* RouteContentView.swift in Sources */ = {isa = PBXBuildFile; fileRef = C49CDCA52F15525F0010FDE4 /* RouteContentView.swift */; };
		C49CDCD32F15525F0010FDE4 /* FeedbackManager.swift in Sources */ = {isa = PBXBuildFile; fileRef = C49CDC8A2F15525F0010FDE4 /* FeedbackManager.swift */; };
		C49CDCD42F15525F0010FDE4 /* FeedbackManager+Route.swift in Sources */ = {isa = PBXBuildFile; fileRef = C49CDC9C2F15525F0010FDE4 /* FeedbackManager+Route.swift */; };
		C49CDCD62F15525F0010FDE4 /* PhysicalDimensions.swift in Sources */ = {isa = PBXBuildFile; fileRef = C49CDC9B2F15525F0010FDE4 /* PhysicalDimensions.swift */; };
		C49CDCD72F15525F0010FDE4 /* RouteFeature.swift in Sources */ = {isa = PBXBuildFile; fileRef = C49CDC9E2F15525F0010FDE4 /* RouteFeature.swift */; };
		C49CDCD92F15525F0010FDE4 /* HapticService.swift in Sources */ = {isa = PBXBuildFile; fileRef = C49CDCAE2F15525F0010FDE4 /* HapticService.swift */; };
		C49CDCDA2F15525F0010FDE4 /* LandmarkFeature.swift in Sources */ = {isa = PBXBuildFile; fileRef = C49CDC902F15525F0010FDE4 /* LandmarkFeature.swift */; };
		C49CDCDB2F15525F0010FDE4 /* AudioService.swift in Sources */ = {isa = PBXBuildFile; fileRef = C49CDCAC2F15525F0010FDE4 /* AudioService.swift */; };
		C49CDCE02F15525F0010FDE4 /* MapDataLoader.swift in Sources */ = {isa = PBXBuildFile; fileRef = C49CDCBB2F15525F0010FDE4 /* MapDataLoader.swift */; };
		C49CDCE12F15525F0010FDE4 /* HapticService+Route.swift in Sources */ = {isa = PBXBuildFile; fileRef = C49CDCA32F15525F0010FDE4 /* HapticService+Route.swift */; };
		C49CDCE22F15525F0010FDE4 /* RouteStudyView.swift in Sources */ = {isa = PBXBuildFile; fileRef = C49CDCA72F15525F0010FDE4 /* RouteStudyView.swift */; };
		C49CDCE42F15525F0010FDE4 /* SpeechService.swift in Sources */ = {isa = PBXBuildFile; fileRef = C49CDCAF2F15525F0010FDE4 /* SpeechService.swift */; };
		C49CDCE52F15525F0010FDE4 /* RouteMapData.swift in Sources */ = {isa = PBXBuildFile; fileRef = C49CDC9F2F15525F0010FDE4 /* RouteMapData.swift */; };
		C49CDCE82F1552CF0010FDE4 /* SenseKit in Frameworks */ = {isa = PBXBuildFile; productRef = C49CDCE72F1552CF0010FDE4 /* SenseKit */; };
		C49CDCEB2F1554090010FDE4 /* NFB_TestApp.swift in Sources */ = {isa = PBXBuildFile; fileRef = C49CDCE92F1554090010FDE4 /* NFB_TestApp.swift */; };
		C4A200012F4000010010FDE4 /* MapUIKitHelpers.swift in Sources */ = {isa = PBXBuildFile; fileRef = C4A200022F4000010010FDE4 /* MapUIKitHelpers.swift */; };
		C4A2DE510000000000000001 /* MapDesignerView.swift in Sources */ = {isa = PBXBuildFile; fileRef = C4A2DE510000000000000002 /* MapDesignerView.swift */; };
		C4A2DE520000000000000011 /* route_marriott_to_jwmarriott.json in Resources */ = {isa = PBXBuildFile; fileRef = C4A2DE520000000000000010 /* route_marriott_to_jwmarriott.json */; };
		C4A2DE520000000000000021 /* route_jwmarriott_to_marriott.json in Resources */ = {isa = PBXBuildFile; fileRef = C4A2DE520000000000000020 /* route_jwmarriott_to_marriott.json */; };
		C4L2000100000000000000A1 /* AccessibleMapView.swift in Sources */ = {isa = PBXBuildFile; fileRef = C4L2000100000000000000A0 /* AccessibleMapView.swift */; };
		C4POP0010000000000000A1 /* DisableInteractivePopGesture.swift in Sources */ = {isa = PBXBuildFile; fileRef = C4POP0010000000000000A0 /* DisableInteractivePopGesture.swift */; };
		C4L2000100000000000000B1 /* IntersectionDetailView.swift in Sources */ = {isa = PBXBuildFile; fileRef = C4L2000100000000000000B0 /* IntersectionDetailView.swift */; };
		C4L2000100000000000000C1 /* IntersectionDetailMapView.swift in Sources */ = {isa = PBXBuildFile; fileRef = C4L2000100000000000000C0 /* IntersectionDetailMapView.swift */; };
		C4L2000100000000000000D1 /* SidewalkFeature.swift in Sources */ = {isa = PBXBuildFile; fileRef = C4L2000100000000000000D0 /* SidewalkFeature.swift */; };
		C4L2000100000000000000E1 /* CrosswalkFeature.swift in Sources */ = {isa = PBXBuildFile; fileRef = C4L2000100000000000000E0 /* CrosswalkFeature.swift */; };
		C4L20001000000000000F011 /* intersection_i_1_detail.json in Resources */ = {isa = PBXBuildFile; fileRef = C4L20001000000000000F010 /* intersection_i_1_detail.json */; };
		C4L20001000000000000F021 /* intersection_i_2_detail.json in Resources */ = {isa = PBXBuildFile; fileRef = C4L20001000000000000F020 /* intersection_i_2_detail.json */; };
		C4L20001000000000000F031 /* intersection_i_3_detail.json in Resources */ = {isa = PBXBuildFile; fileRef = C4L20001000000000000F030 /* intersection_i_3_detail.json */; };
		C4L20001000000000000F041 /* intersection_i_4_detail.json in Resources */ = {isa = PBXBuildFile; fileRef = C4L20001000000000000F040 /* intersection_i_4_detail.json */; };
		C4L20001000000000000F051 /* intersection_i_5_detail.json in Resources */ = {isa = PBXBuildFile; fileRef = C4L20001000000000000F050 /* intersection_i_5_detail.json */; };
		C4L20001000000000000F061 /* intersection_i_6_detail.json in Resources */ = {isa = PBXBuildFile; fileRef = C4L20001000000000000F060 /* intersection_i_6_detail.json */; };
/* End PBXBuildFile section */

/* Begin PBXContainerItemProxy section */
		C49CDBF32EEEF33F0010FDE4 /* PBXContainerItemProxy */ = {
			isa = PBXContainerItemProxy;
			containerPortal = C49CDBDD2EEEF33E0010FDE4 /* Project object */;
			proxyType = 1;
			remoteGlobalIDString = C49CDBE42EEEF33E0010FDE4;
			remoteInfo = "NFB Test";
		};
		C49CDBFD2EEEF33F0010FDE4 /* PBXContainerItemProxy */ = {
			isa = PBXContainerItemProxy;
			containerPortal = C49CDBDD2EEEF33E0010FDE4 /* Project object */;
			proxyType = 1;
			remoteGlobalIDString = C49CDBE42EEEF33E0010FDE4;
			remoteInfo = "NFB Test";
		};
/* End PBXContainerItemProxy section */

/* Begin PBXFileReference section */
		C49820CA2F7EB72F00B1E80F /* FeedbackCustomizationTesterView.swift */ = {isa = PBXFileReference; lastKnownFileType = sourcecode.swift; path = FeedbackCustomizationTesterView.swift; sourceTree = "<group>"; };
		C49820CC2F7EB74500B1E80F /* HapticFeedbackSelection.swift */ = {isa = PBXFileReference; lastKnownFileType = sourcecode.swift; path = HapticFeedbackSelection.swift; sourceTree = "<group>"; };
		C49CDBE52EEEF33E0010FDE4 /* NFB Test.app */ = {isa = PBXFileReference; explicitFileType = wrapper.application; includeInIndex = 0; path = "NFB Test.app"; sourceTree = BUILT_PRODUCTS_DIR; };
		C49CDBF22EEEF33F0010FDE4 /* NFB TestTests.xctest */ = {isa = PBXFileReference; explicitFileType = wrapper.cfbundle; includeInIndex = 0; path = "NFB TestTests.xctest"; sourceTree = BUILT_PRODUCTS_DIR; };
		C49CDBFC2EEEF33F0010FDE4 /* NFB TestUITests.xctest */ = {isa = PBXFileReference; explicitFileType = wrapper.cfbundle; includeInIndex = 0; path = "NFB TestUITests.xctest"; sourceTree = BUILT_PRODUCTS_DIR; };
		C49CDC892F15525F0010FDE4 /* Assets.xcassets */ = {isa = PBXFileReference; lastKnownFileType = folder.assetcatalog; path = Assets.xcassets; sourceTree = "<group>"; };
		C49CDC8A2F15525F0010FDE4 /* FeedbackManager.swift */ = {isa = PBXFileReference; lastKnownFileType = sourcecode.swift; path = FeedbackManager.swift; sourceTree = "<group>"; };
		C49CDC8D2F15525F0010FDE4 /* CorridorFeature.swift */ = {isa = PBXFileReference; lastKnownFileType = sourcecode.swift; path = CorridorFeature.swift; sourceTree = "<group>"; };
		C49CDC8F2F15525F0010FDE4 /* IntersectionFeature.swift */ = {isa = PBXFileReference; lastKnownFileType = sourcecode.swift; path = IntersectionFeature.swift; sourceTree = "<group>"; };
		C49CDC902F15525F0010FDE4 /* LandmarkFeature.swift */ = {isa = PBXFileReference; lastKnownFileType = sourcecode.swift; path = LandmarkFeature.swift; sourceTree = "<group>"; };
		C49CDC912F15525F0010FDE4 /* MapFeature.swift */ = {isa = PBXFileReference; lastKnownFileType = sourcecode.swift; path = MapFeature.swift; sourceTree = "<group>"; };
		C49CDC932F15525F0010FDE4 /* testMap_Condition1.json */ = {isa = PBXFileReference; lastKnownFileType = text.json; path = testMap_Condition1.json; sourceTree = "<group>"; };
		C49CDC9B2F15525F0010FDE4 /* PhysicalDimensions.swift */ = {isa = PBXFileReference; lastKnownFileType = sourcecode.swift; path = PhysicalDimensions.swift; sourceTree = "<group>"; };
		C49CDC9C2F15525F0010FDE4 /* FeedbackManager+Route.swift */ = {isa = PBXFileReference; lastKnownFileType = sourcecode.swift; path = "FeedbackManager+Route.swift"; sourceTree = "<group>"; };
		C49CDC9E2F15525F0010FDE4 /* RouteFeature.swift */ = {isa = PBXFileReference; lastKnownFileType = sourcecode.swift; path = RouteFeature.swift; sourceTree = "<group>"; };
		C49CDC9F2F15525F0010FDE4 /* RouteMapData.swift */ = {isa = PBXFileReference; lastKnownFileType = sourcecode.swift; path = RouteMapData.swift; sourceTree = "<group>"; };
		C49CDCA32F15525F0010FDE4 /* HapticService+Route.swift */ = {isa = PBXFileReference; lastKnownFileType = sourcecode.swift; path = "HapticService+Route.swift"; sourceTree = "<group>"; };
		C49CDCA52F15525F0010FDE4 /* RouteContentView.swift */ = {isa = PBXFileReference; lastKnownFileType = sourcecode.swift; path = RouteContentView.swift; sourceTree = "<group>"; };
		C49CDCA62F15525F0010FDE4 /* RouteMapView.swift */ = {isa = PBXFileReference; lastKnownFileType = sourcecode.swift; path = RouteMapView.swift; sourceTree = "<group>"; };
		C49CDCA72F15525F0010FDE4 /* RouteStudyView.swift */ = {isa = PBXFileReference; lastKnownFileType = sourcecode.swift; path = RouteStudyView.swift; sourceTree = "<group>"; };
		C49CDCAC2F15525F0010FDE4 /* AudioService.swift */ = {isa = PBXFileReference; lastKnownFileType = sourcecode.swift; path = AudioService.swift; sourceTree = "<group>"; };
		C49CDCAE2F15525F0010FDE4 /* HapticService.swift */ = {isa = PBXFileReference; lastKnownFileType = sourcecode.swift; path = HapticService.swift; sourceTree = "<group>"; };
		C49CDCAF2F15525F0010FDE4 /* SpeechService.swift */ = {isa = PBXFileReference; lastKnownFileType = sourcecode.swift; path = SpeechService.swift; sourceTree = "<group>"; };
		C49CDCB12F15525F0010FDE4 /* SpeechSynthesizerManager.swift */ = {isa = PBXFileReference; lastKnownFileType = sourcecode.swift; path = SpeechSynthesizerManager.swift; sourceTree = "<group>"; };
		C49CDCBB2F15525F0010FDE4 /* MapDataLoader.swift */ = {isa = PBXFileReference; lastKnownFileType = sourcecode.swift; path = MapDataLoader.swift; sourceTree = "<group>"; };
		C49CDCE92F1554090010FDE4 /* NFB_TestApp.swift */ = {isa = PBXFileReference; lastKnownFileType = sourcecode.swift; path = NFB_TestApp.swift; sourceTree = "<group>"; };
		C4A200022F4000010010FDE4 /* MapUIKitHelpers.swift */ = {isa = PBXFileReference; lastKnownFileType = sourcecode.swift; path = MapUIKitHelpers.swift; sourceTree = "<group>"; };
		C4A2DE510000000000000002 /* MapDesignerView.swift */ = {isa = PBXFileReference; lastKnownFileType = sourcecode.swift; path = MapDesignerView.swift; sourceTree = "<group>"; };
		C4A2DE520000000000000010 /* route_marriott_to_jwmarriott.json */ = {isa = PBXFileReference; lastKnownFileType = text.json; path = route_marriott_to_jwmarriott.json; sourceTree = "<group>"; };
		C4A2DE520000000000000020 /* route_jwmarriott_to_marriott.json */ = {isa = PBXFileReference; lastKnownFileType = text.json; path = route_jwmarriott_to_marriott.json; sourceTree = "<group>"; };
		C4NFB0002FDB7000001453CD /* Info.plist */ = {isa = PBXFileReference; lastKnownFileType = text.plist.xml; path = Info.plist; sourceTree = "<group>"; };
		C4L2000100000000000000A0 /* AccessibleMapView.swift */ = {isa = PBXFileReference; lastKnownFileType = sourcecode.swift; path = AccessibleMapView.swift; sourceTree = "<group>"; };
		C4POP0010000000000000A0 /* DisableInteractivePopGesture.swift */ = {isa = PBXFileReference; lastKnownFileType = sourcecode.swift; path = DisableInteractivePopGesture.swift; sourceTree = "<group>"; };
		C4L2000100000000000000B0 /* IntersectionDetailView.swift */ = {isa = PBXFileReference; lastKnownFileType = sourcecode.swift; path = IntersectionDetailView.swift; sourceTree = "<group>"; };
		C4L2000100000000000000C0 /* IntersectionDetailMapView.swift */ = {isa = PBXFileReference; lastKnownFileType = sourcecode.swift; path = IntersectionDetailMapView.swift; sourceTree = "<group>"; };
		C4L2000100000000000000D0 /* SidewalkFeature.swift */ = {isa = PBXFileReference; lastKnownFileType = sourcecode.swift; path = SidewalkFeature.swift; sourceTree = "<group>"; };
		C4L2000100000000000000E0 /* CrosswalkFeature.swift */ = {isa = PBXFileReference; lastKnownFileType = sourcecode.swift; path = CrosswalkFeature.swift; sourceTree = "<group>"; };
		C4L20001000000000000F010 /* intersection_i_1_detail.json */ = {isa = PBXFileReference; lastKnownFileType = text.json; path = intersection_i_1_detail.json; sourceTree = "<group>"; };
		C4L20001000000000000F020 /* intersection_i_2_detail.json */ = {isa = PBXFileReference; lastKnownFileType = text.json; path = intersection_i_2_detail.json; sourceTree = "<group>"; };
		C4L20001000000000000F030 /* intersection_i_3_detail.json */ = {isa = PBXFileReference; lastKnownFileType = text.json; path = intersection_i_3_detail.json; sourceTree = "<group>"; };
		C4L20001000000000000F040 /* intersection_i_4_detail.json */ = {isa = PBXFileReference; lastKnownFileType = text.json; path = intersection_i_4_detail.json; sourceTree = "<group>"; };
		C4L20001000000000000F050 /* intersection_i_5_detail.json */ = {isa = PBXFileReference; lastKnownFileType = text.json; path = intersection_i_5_detail.json; sourceTree = "<group>"; };
		C4L20001000000000000F060 /* intersection_i_6_detail.json */ = {isa = PBXFileReference; lastKnownFileType = text.json; path = intersection_i_6_detail.json; sourceTree = "<group>"; };
/* End PBXFileReference section */

/* Begin PBXFileSystemSynchronizedRootGroup section */
		C49CDBF52EEEF33F0010FDE4 /* NFB TestTests */ = {
			isa = PBXFileSystemSynchronizedRootGroup;
			path = "NFB TestTests";
			sourceTree = "<group>";
		};
		C49CDBFF2EEEF33F0010FDE4 /* NFB TestUITests */ = {
			isa = PBXFileSystemSynchronizedRootGroup;
			path = "NFB TestUITests";
			sourceTree = "<group>";
		};
/* End PBXFileSystemSynchronizedRootGroup section */

/* Begin PBXFrameworksBuildPhase section */
		C49CDBE22EEEF33E0010FDE4 /* Frameworks */ = {
			isa = PBXFrameworksBuildPhase;
			buildActionMask = 2147483647;
			files = (
				C49CDCE82F1552CF0010FDE4 /* SenseKit in Frameworks */,
			);
			runOnlyForDeploymentPostprocessing = 0;
		};
		C49CDBEF2EEEF33F0010FDE4 /* Frameworks */ = {
			isa = PBXFrameworksBuildPhase;
			buildActionMask = 2147483647;
			files = (
			);
			runOnlyForDeploymentPostprocessing = 0;
		};
		C49CDBF92EEEF33F0010FDE4 /* Frameworks */ = {
			isa = PBXFrameworksBuildPhase;
			buildActionMask = 2147483647;
			files = (
			);
			runOnlyForDeploymentPostprocessing = 0;
		};
/* End PBXFrameworksBuildPhase section */

/* Begin PBXGroup section */
		C49CDBDC2EEEF33E0010FDE4 = {
			isa = PBXGroup;
			children = (
				C49CDC892F15525F0010FDE4 /* Assets.xcassets */,
				C49CDC8B2F15525F0010FDE4 /* FeedbackManager */,
				C49CDC9A2F15525F0010FDE4 /* Model */,
				C49CDC9B2F15525F0010FDE4 /* PhysicalDimensions.swift */,
				C49CDCAB2F15525F0010FDE4 /* RouteOverlay_POC */,
				C49CDCB02F15525F0010FDE4 /* Services */,
				C49CDCB12F15525F0010FDE4 /* SpeechSynthesizerManager.swift */,
				C49CDCBA2F15525F0010FDE4 /* View */,
				C49CDCBC2F15525F0010FDE4 /* ViewModel */,
				C49CDBF52EEEF33F0010FDE4 /* NFB TestTests */,
				C49CDBFF2EEEF33F0010FDE4 /* NFB TestUITests */,
				C49CDBE62EEEF33E0010FDE4 /* Products */,
				C49CDCEA2F1554090010FDE4 /* NFB Test */,
			);
			sourceTree = "<group>";
		};
		C49CDBE62EEEF33E0010FDE4 /* Products */ = {
			isa = PBXGroup;
			children = (
				C49CDBE52EEEF33E0010FDE4 /* NFB Test.app */,
				C49CDBF22EEEF33F0010FDE4 /* NFB TestTests.xctest */,
				C49CDBFC2EEEF33F0010FDE4 /* NFB TestUITests.xctest */,
			);
			name = Products;
			sourceTree = "<group>";
		};
		C49CDC8B2F15525F0010FDE4 /* FeedbackManager */ = {
			isa = PBXGroup;
			children = (
				C49CDC8A2F15525F0010FDE4 /* FeedbackManager.swift */,
			);
			path = FeedbackManager;
			sourceTree = "<group>";
		};
		C49CDC9A2F15525F0010FDE4 /* Model */ = {
			isa = PBXGroup;
			children = (
				C49820CC2F7EB74500B1E80F /* HapticFeedbackSelection.swift */,
				C49CDC8D2F15525F0010FDE4 /* CorridorFeature.swift */,
				C49CDC8F2F15525F0010FDE4 /* IntersectionFeature.swift */,
				C49CDC902F15525F0010FDE4 /* LandmarkFeature.swift */,
				C49CDC912F15525F0010FDE4 /* MapFeature.swift */,
				C4L2000100000000000000D0 /* SidewalkFeature.swift */,
				C4L2000100000000000000E0 /* CrosswalkFeature.swift */,
				C49CDC932F15525F0010FDE4 /* testMap_Condition1.json */,
				C4A2DE520000000000000010 /* route_marriott_to_jwmarriott.json */,
				C4A2DE520000000000000020 /* route_jwmarriott_to_marriott.json */,
				C4L20001000000000000F010 /* intersection_i_1_detail.json */,
				C4L20001000000000000F020 /* intersection_i_2_detail.json */,
				C4L20001000000000000F030 /* intersection_i_3_detail.json */,
				C4L20001000000000000F040 /* intersection_i_4_detail.json */,
				C4L20001000000000000F050 /* intersection_i_5_detail.json */,
				C4L20001000000000000F060 /* intersection_i_6_detail.json */,
			);
			path = Model;
			sourceTree = "<group>";
		};
		C49CDC9D2F15525F0010FDE4 /* FeedbackManager */ = {
			isa = PBXGroup;
			children = (
				C49CDC9C2F15525F0010FDE4 /* FeedbackManager+Route.swift */,
			);
			path = FeedbackManager;
			sourceTree = "<group>";
		};
		C49CDCA22F15525F0010FDE4 /* Model */ = {
			isa = PBXGroup;
			children = (
				C49CDC9E2F15525F0010FDE4 /* RouteFeature.swift */,
				C49CDC9F2F15525F0010FDE4 /* RouteMapData.swift */,
			);
			path = Model;
			sourceTree = "<group>";
		};
		C49CDCA42F15525F0010FDE4 /* Services */ = {
			isa = PBXGroup;
			children = (
				C49CDCA32F15525F0010FDE4 /* HapticService+Route.swift */,
			);
			path = Services;
			sourceTree = "<group>";
		};
		C49CDCA82F15525F0010FDE4 /* View */ = {
			isa = PBXGroup;
			children = (
				C49CDCA52F15525F0010FDE4 /* RouteContentView.swift */,
				C49CDCA62F15525F0010FDE4 /* RouteMapView.swift */,
				C49CDCA72F15525F0010FDE4 /* RouteStudyView.swift */,
			);
			path = View;
			sourceTree = "<group>";
		};
		C49CDCAB2F15525F0010FDE4 /* RouteOverlay_POC */ = {
			isa = PBXGroup;
			children = (
				C49CDC9D2F15525F0010FDE4 /* FeedbackManager */,
				C49CDCA22F15525F0010FDE4 /* Model */,
				C49CDCA42F15525F0010FDE4 /* Services */,
				C49CDCA82F15525F0010FDE4 /* View */,
			);
			path = RouteOverlay_POC;
			sourceTree = "<group>";
		};
		C49CDCB02F15525F0010FDE4 /* Services */ = {
			isa = PBXGroup;
			children = (
				C49CDCAC2F15525F0010FDE4 /* AudioService.swift */,
				C49CDCAE2F15525F0010FDE4 /* HapticService.swift */,
				C49CDCAF2F15525F0010FDE4 /* SpeechService.swift */,
			);
			path = Services;
			sourceTree = "<group>";
		};
		C49CDCBA2F15525F0010FDE4 /* View */ = {
			isa = PBXGroup;
			children = (
				C4L2000100000000000000A0 /* AccessibleMapView.swift */,
				C4POP0010000000000000A0 /* DisableInteractivePopGesture.swift */,
				C49820CA2F7EB72F00B1E80F /* FeedbackCustomizationTesterView.swift */,
				C4L2000100000000000000B0 /* IntersectionDetailView.swift */,
				C4L2000100000000000000C0 /* IntersectionDetailMapView.swift */,
				C4A200022F4000010010FDE4 /* MapUIKitHelpers.swift */,
				C4A2DE510000000000000002 /* MapDesignerView.swift */,
			);
			path = View;
			sourceTree = "<group>";
		};
		C49CDCBC2F15525F0010FDE4 /* ViewModel */ = {
			isa = PBXGroup;
			children = (
				C49CDCBB2F15525F0010FDE4 /* MapDataLoader.swift */,
			);
			path = ViewModel;
			sourceTree = "<group>";
		};
		C49CDCEA2F1554090010FDE4 /* NFB Test */ = {
			isa = PBXGroup;
			children = (
				C49CDCE92F1554090010FDE4 /* NFB_TestApp.swift */,
				C4NFB0002FDB7000001453CD /* Info.plist */,
			);
			path = "NFB Test";
			sourceTree = "<group>";
		};
/* End PBXGroup section */

/* Begin PBXNativeTarget section */
		C49CDBE42EEEF33E0010FDE4 /* NFB Test */ = {
			isa = PBXNativeTarget;
			buildConfigurationList = C49CDC062EEEF33F0010FDE4 /* Build configuration list for PBXNativeTarget "NFB Test" */;
			buildPhases = (
				C49CDBE12EEEF33E0010FDE4 /* Sources */,
				C49CDBE22EEEF33E0010FDE4 /* Frameworks */,
				C49CDBE32EEEF33E0010FDE4 /* Resources */,
			);
			buildRules = (
			);
			dependencies = (
			);
			name = "NFB Test";
			packageProductDependencies = (
				C49CDCE72F1552CF0010FDE4 /* SenseKit */,
			);
			productName = "NFB Test";
			productReference = C49CDBE52EEEF33E0010FDE4 /* NFB Test.app */;
			productType = "com.apple.product-type.application";
		};
		C49CDBF12EEEF33F0010FDE4 /* NFB TestTests */ = {
			isa = PBXNativeTarget;
			buildConfigurationList = C49CDC092EEEF33F0010FDE4 /* Build configuration list for PBXNativeTarget "NFB TestTests" */;
			buildPhases = (
				C49CDBEE2EEEF33F0010FDE4 /* Sources */,
				C49CDBEF2EEEF33F0010FDE4 /* Frameworks */,
				C49CDBF02EEEF33F0010FDE4 /* Resources */,
			);
			buildRules = (
			);
			dependencies = (
				C49CDBF42EEEF33F0010FDE4 /* PBXTargetDependency */,
			);
			fileSystemSynchronizedGroups = (
				C49CDBF52EEEF33F0010FDE4 /* NFB TestTests */,
			);
			name = "NFB TestTests";
			packageProductDependencies = (
			);
			productName = "NFB TestTests";
			productReference = C49CDBF22EEEF33F0010FDE4 /* NFB TestTests.xctest */;
			productType = "com.apple.product-type.bundle.unit-test";
		};
		C49CDBFB2EEEF33F0010FDE4 /* NFB TestUITests */ = {
			isa = PBXNativeTarget;
			buildConfigurationList = C49CDC0C2EEEF33F0010FDE4 /* Build configuration list for PBXNativeTarget "NFB TestUITests" */;
			buildPhases = (
				C49CDBF82EEEF33F0010FDE4 /* Sources */,
				C49CDBF92EEEF33F0010FDE4 /* Frameworks */,
				C49CDBFA2EEEF33F0010FDE4 /* Resources */,
			);
			buildRules = (
			);
			dependencies = (
				C49CDBFE2EEEF33F0010FDE4 /* PBXTargetDependency */,
			);
			fileSystemSynchronizedGroups = (
				C49CDBFF2EEEF33F0010FDE4 /* NFB TestUITests */,
			);
			name = "NFB TestUITests";
			packageProductDependencies = (
			);
			productName = "NFB TestUITests";
			productReference = C49CDBFC2EEEF33F0010FDE4 /* NFB TestUITests.xctest */;
			productType = "com.apple.product-type.bundle.ui-testing";
		};
/* End PBXNativeTarget section */

/* Begin PBXProject section */
		C49CDBDD2EEEF33E0010FDE4 /* Project object */ = {
			isa = PBXProject;
			attributes = {
				BuildIndependentTargetsInParallel = 1;
				LastSwiftUpdateCheck = 1640;
				LastUpgradeCheck = 1640;
				TargetAttributes = {
					C49CDBE42EEEF33E0010FDE4 = {
						CreatedOnToolsVersion = 16.4;
					};
					C49CDBF12EEEF33F0010FDE4 = {
						CreatedOnToolsVersion = 16.4;
						TestTargetID = C49CDBE42EEEF33E0010FDE4;
					};
					C49CDBFB2EEEF33F0010FDE4 = {
						CreatedOnToolsVersion = 16.4;
						TestTargetID = C49CDBE42EEEF33E0010FDE4;
					};
				};
			};
			buildConfigurationList = C49CDBE02EEEF33E0010FDE4 /* Build configuration list for PBXProject "NFB Test" */;
			developmentRegion = en;
			hasScannedForEncodings = 0;
			knownRegions = (
				en,
				Base,
			);
			mainGroup = C49CDBDC2EEEF33E0010FDE4;
			minimizedProjectReferenceProxies = 1;
			packageReferences = (
				C49CDCE62F1552CF0010FDE4 /* XCRemoteSwiftPackageReference "SenseKit" */,
			);
			preferredProjectObjectVersion = 77;
			productRefGroup = C49CDBE62EEEF33E0010FDE4 /* Products */;
			projectDirPath = "";
			projectRoot = "";
			targets = (
				C49CDBE42EEEF33E0010FDE4 /* NFB Test */,
				C49CDBF12EEEF33F0010FDE4 /* NFB TestTests */,
				C49CDBFB2EEEF33F0010FDE4 /* NFB TestUITests */,
			);
		};
/* End PBXProject section */

/* Begin PBXResourcesBuildPhase section */
		C49CDBE32EEEF33E0010FDE4 /* Resources */ = {
			isa = PBXResourcesBuildPhase;
			buildActionMask = 2147483647;
			files = (
				C49CDCBD2F15525F0010FDE4 /* Assets.xcassets in Resources */,
				C49CDCC52F15525F0010FDE4 /* testMap_Condition1.json in Resources */,
				C4A2DE520000000000000011 /* route_marriott_to_jwmarriott.json in Resources */,
				C4A2DE520000000000000021 /* route_jwmarriott_to_marriott.json in Resources */,
				C4L20001000000000000F011 /* intersection_i_1_detail.json in Resources */,
				C4L20001000000000000F021 /* intersection_i_2_detail.json in Resources */,
				C4L20001000000000000F031 /* intersection_i_3_detail.json in Resources */,
				C4L20001000000000000F041 /* intersection_i_4_detail.json in Resources */,
				C4L20001000000000000F051 /* intersection_i_5_detail.json in Resources */,
				C4L20001000000000000F061 /* intersection_i_6_detail.json in Resources */,
			);
			runOnlyForDeploymentPostprocessing = 0;
		};
		C49CDBF02EEEF33F0010FDE4 /* Resources */ = {
			isa = PBXResourcesBuildPhase;
			buildActionMask = 2147483647;
			files = (
			);
			runOnlyForDeploymentPostprocessing = 0;
		};
		C49CDBFA2EEEF33F0010FDE4 /* Resources */ = {
			isa = PBXResourcesBuildPhase;
			buildActionMask = 2147483647;
			files = (
			);
			runOnlyForDeploymentPostprocessing = 0;
		};
/* End PBXResourcesBuildPhase section */

/* Begin PBXSourcesBuildPhase section */
		C49CDBE12EEEF33E0010FDE4 /* Sources */ = {
			isa = PBXSourcesBuildPhase;
			buildActionMask = 2147483647;
			files = (
				C49820CD2F7EB74500B1E80F /* HapticFeedbackSelection.swift in Sources */,
				C49820CB2F7EB72F00B1E80F /* FeedbackCustomizationTesterView.swift in Sources */,
				C4A2DE510000000000000001 /* MapDesignerView.swift in Sources */,
				C4A200012F4000010010FDE4 /* MapUIKitHelpers.swift in Sources */,
				C49CDCC92F15525F0010FDE4 /* SpeechSynthesizerManager.swift in Sources */,
				C49CDCCB2F15525F0010FDE4 /* CorridorFeature.swift in Sources */,
				C49CDCCD2F15525F0010FDE4 /* RouteMapView.swift in Sources */,
				C49CDCCF2F15525F0010FDE4 /* IntersectionFeature.swift in Sources */,
				C49CDCD12F15525F0010FDE4 /* MapFeature.swift in Sources */,
				C49CDCD22F15525F0010FDE4 /* RouteContentView.swift in Sources */,
				C49CDCD32F15525F0010FDE4 /* FeedbackManager.swift in Sources */,
				C49CDCD42F15525F0010FDE4 /* FeedbackManager+Route.swift in Sources */,
				C49CDCD62F15525F0010FDE4 /* PhysicalDimensions.swift in Sources */,
				C49CDCD72F15525F0010FDE4 /* RouteFeature.swift in Sources */,
				C49CDCD92F15525F0010FDE4 /* HapticService.swift in Sources */,
				C49CDCDA2F15525F0010FDE4 /* LandmarkFeature.swift in Sources */,
				C49CDCDB2F15525F0010FDE4 /* AudioService.swift in Sources */,
				C49CDCE02F15525F0010FDE4 /* MapDataLoader.swift in Sources */,
				C49CDCE12F15525F0010FDE4 /* HapticService+Route.swift in Sources */,
				C49CDCE22F15525F0010FDE4 /* RouteStudyView.swift in Sources */,
				C49CDCE42F15525F0010FDE4 /* SpeechService.swift in Sources */,
				C49CDCEB2F1554090010FDE4 /* NFB_TestApp.swift in Sources */,
				C49CDCE52F15525F0010FDE4 /* RouteMapData.swift in Sources */,
				C4L2000100000000000000A1 /* AccessibleMapView.swift in Sources */,
				C4POP0010000000000000A1 /* DisableInteractivePopGesture.swift in Sources */,
				C4L2000100000000000000B1 /* IntersectionDetailView.swift in Sources */,
				C4L2000100000000000000C1 /* IntersectionDetailMapView.swift in Sources */,
				C4L2000100000000000000D1 /* SidewalkFeature.swift in Sources */,
				C4L2000100000000000000E1 /* CrosswalkFeature.swift in Sources */,
			);
			runOnlyForDeploymentPostprocessing = 0;
		};
		C49CDBEE2EEEF33F0010FDE4 /* Sources */ = {
			isa = PBXSourcesBuildPhase;
			buildActionMask = 2147483647;
			files = (
			);
			runOnlyForDeploymentPostprocessing = 0;
		};
		C49CDBF82EEEF33F0010FDE4 /* Sources */ = {
			isa = PBXSourcesBuildPhase;
			buildActionMask = 2147483647;
			files = (
			);
			runOnlyForDeploymentPostprocessing = 0;
		};
/* End PBXSourcesBuildPhase section */

/* Begin PBXTargetDependency section */
		C49CDBF42EEEF33F0010FDE4 /* PBXTargetDependency */ = {
			isa = PBXTargetDependency;
			target = C49CDBE42EEEF33E0010FDE4 /* NFB Test */;
			targetProxy = C49CDBF32EEEF33F0010FDE4 /* PBXContainerItemProxy */;
		};
		C49CDBFE2EEEF33F0010FDE4 /* PBXTargetDependency */ = {
			isa = PBXTargetDependency;
			target = C49CDBE42EEEF33E0010FDE4 /* NFB Test */;
			targetProxy = C49CDBFD2EEEF33F0010FDE4 /* PBXContainerItemProxy */;
		};
/* End PBXTargetDependency section */

/* Begin XCBuildConfiguration section */
		C49CDC042EEEF33F0010FDE4 /* Debug */ = {
			isa = XCBuildConfiguration;
			buildSettings = {
				ALWAYS_SEARCH_USER_PATHS = NO;
				ASSETCATALOG_COMPILER_GENERATE_SWIFT_ASSET_SYMBOL_EXTENSIONS = YES;
				CLANG_ANALYZER_NONNULL = YES;
				CLANG_ANALYZER_NUMBER_OBJECT_CONVERSION = YES_AGGRESSIVE;
				CLANG_CXX_LANGUAGE_STANDARD = "gnu++20";
				CLANG_ENABLE_MODULES = YES;
				CLANG_ENABLE_OBJC_ARC = YES;
				CLANG_ENABLE_OBJC_WEAK = YES;
				CLANG_WARN_BLOCK_CAPTURE_AUTORELEASING = YES;
				CLANG_WARN_BOOL_CONVERSION = YES;
				CLANG_WARN_COMMA = YES;
				CLANG_WARN_CONSTANT_CONVERSION = YES;
				CLANG_WARN_DEPRECATED_OBJC_IMPLEMENTATIONS = YES;
				CLANG_WARN_DIRECT_OBJC_ISA_USAGE = YES_ERROR;
				CLANG_WARN_DOCUMENTATION_COMMENTS = YES;
				CLANG_WARN_EMPTY_BODY = YES;
				CLANG_WARN_ENUM_CONVERSION = YES;
				CLANG_WARN_INFINITE_RECURSION = YES;
				CLANG_WARN_INT_CONVERSION = YES;
				CLANG_WARN_NON_LITERAL_NULL_CONVERSION = YES;
				CLANG_WARN_OBJC_IMPLICIT_RETAIN_SELF = YES;
				CLANG_WARN_OBJC_LITERAL_CONVERSION = YES;
				CLANG_WARN_OBJC_ROOT_CLASS = YES_ERROR;
				CLANG_WARN_QUOTED_INCLUDE_IN_FRAMEWORK_HEADER = YES;
				CLANG_WARN_RANGE_LOOP_ANALYSIS = YES;
				CLANG_WARN_STRICT_PROTOTYPES = YES;
				CLANG_WARN_SUSPICIOUS_MOVE = YES;
				CLANG_WARN_UNGUARDED_AVAILABILITY = YES_AGGRESSIVE;
				CLANG_WARN_UNREACHABLE_CODE = YES;
				CLANG_WARN__DUPLICATE_METHOD_MATCH = YES;
				COPY_PHASE_STRIP = NO;
				DEBUG_INFORMATION_FORMAT = dwarf;
				DEVELOPMENT_TEAM = XJ5MZJRQ8C;
				ENABLE_STRICT_OBJC_MSGSEND = YES;
				ENABLE_TESTABILITY = YES;
				ENABLE_USER_SCRIPT_SANDBOXING = YES;
				GCC_C_LANGUAGE_STANDARD = gnu17;
				GCC_DYNAMIC_NO_PIC = NO;
				GCC_NO_COMMON_BLOCKS = YES;
				GCC_OPTIMIZATION_LEVEL = 0;
				GCC_PREPROCESSOR_DEFINITIONS = (
					"DEBUG=1",
					"$(inherited)",
				);
				GCC_WARN_64_TO_32_BIT_CONVERSION = YES;
				GCC_WARN_ABOUT_RETURN_TYPE = YES_ERROR;
				GCC_WARN_UNDECLARED_SELECTOR = YES;
				GCC_WARN_UNINITIALIZED_AUTOS = YES_AGGRESSIVE;
				GCC_WARN_UNUSED_FUNCTION = YES;
				GCC_WARN_UNUSED_VARIABLE = YES;
				IPHONEOS_DEPLOYMENT_TARGET = 18.5;
				LOCALIZATION_PREFERS_STRING_CATALOGS = YES;
				MTL_ENABLE_DEBUG_INFO = INCLUDE_SOURCE;
				MTL_FAST_MATH = YES;
				ONLY_ACTIVE_ARCH = YES;
				SDKROOT = iphoneos;
				SWIFT_ACTIVE_COMPILATION_CONDITIONS = "DEBUG $(inherited)";
				SWIFT_OPTIMIZATION_LEVEL = "-Onone";
			};
			name = Debug;
		};
		C49CDC052EEEF33F0010FDE4 /* Release */ = {
			isa = XCBuildConfiguration;
			buildSettings = {
				ALWAYS_SEARCH_USER_PATHS = NO;
				ASSETCATALOG_COMPILER_GENERATE_SWIFT_ASSET_SYMBOL_EXTENSIONS = YES;
				CLANG_ANALYZER_NONNULL = YES;
				CLANG_ANALYZER_NUMBER_OBJECT_CONVERSION = YES_AGGRESSIVE;
				CLANG_CXX_LANGUAGE_STANDARD = "gnu++20";
				CLANG_ENABLE_MODULES = YES;
				CLANG_ENABLE_OBJC_ARC = YES;
				CLANG_ENABLE_OBJC_WEAK = YES;
				CLANG_WARN_BLOCK_CAPTURE_AUTORELEASING = YES;
				CLANG_WARN_BOOL_CONVERSION = YES;
				CLANG_WARN_COMMA = YES;
				CLANG_WARN_CONSTANT_CONVERSION = YES;
				CLANG_WARN_DEPRECATED_OBJC_IMPLEMENTATIONS = YES;
				CLANG_WARN_DIRECT_OBJC_ISA_USAGE = YES_ERROR;
				CLANG_WARN_DOCUMENTATION_COMMENTS = YES;
				CLANG_WARN_EMPTY_BODY = YES;
				CLANG_WARN_ENUM_CONVERSION = YES;
				CLANG_WARN_INFINITE_RECURSION = YES;
				CLANG_WARN_INT_CONVERSION = YES;
				CLANG_WARN_NON_LITERAL_NULL_CONVERSION = YES;
				CLANG_WARN_OBJC_IMPLICIT_RETAIN_SELF = YES;
				CLANG_WARN_OBJC_LITERAL_CONVERSION = YES;
				CLANG_WARN_OBJC_ROOT_CLASS = YES_ERROR;
				CLANG_WARN_QUOTED_INCLUDE_IN_FRAMEWORK_HEADER = YES;
				CLANG_WARN_RANGE_LOOP_ANALYSIS = YES;
				CLANG_WARN_STRICT_PROTOTYPES = YES;
				CLANG_WARN_SUSPICIOUS_MOVE = YES;
				CLANG_WARN_UNGUARDED_AVAILABILITY = YES_AGGRESSIVE;
				CLANG_WARN_UNREACHABLE_CODE = YES;
				CLANG_WARN__DUPLICATE_METHOD_MATCH = YES;
				COPY_PHASE_STRIP = NO;
				DEBUG_INFORMATION_FORMAT = "dwarf-with-dsym";
				DEVELOPMENT_TEAM = XJ5MZJRQ8C;
				ENABLE_NS_ASSERTIONS = NO;
				ENABLE_STRICT_OBJC_MSGSEND = YES;
				ENABLE_USER_SCRIPT_SANDBOXING = YES;
				GCC_C_LANGUAGE_STANDARD = gnu17;
				GCC_NO_COMMON_BLOCKS = YES;
				GCC_WARN_64_TO_32_BIT_CONVERSION = YES;
				GCC_WARN_ABOUT_RETURN_TYPE = YES_ERROR;
				GCC_WARN_UNDECLARED_SELECTOR = YES;
				GCC_WARN_UNINITIALIZED_AUTOS = YES_AGGRESSIVE;
				GCC_WARN_UNUSED_FUNCTION = YES;
				GCC_WARN_UNUSED_VARIABLE = YES;
				IPHONEOS_DEPLOYMENT_TARGET = 18.5;
				LOCALIZATION_PREFERS_STRING_CATALOGS = YES;
				MTL_ENABLE_DEBUG_INFO = NO;
				MTL_FAST_MATH = YES;
				SDKROOT = iphoneos;
				SWIFT_COMPILATION_MODE = wholemodule;
				VALIDATE_PRODUCT = YES;
			};
			name = Release;
		};
		C49CDC072EEEF33F0010FDE4 /* Debug */ = {
			isa = XCBuildConfiguration;
			buildSettings = {
				ASSETCATALOG_COMPILER_APPICON_NAME = AppIcon;
				ASSETCATALOG_COMPILER_GLOBAL_ACCENT_COLOR_NAME = AccentColor;
				CODE_SIGN_STYLE = Automatic;
				CURRENT_PROJECT_VERSION = 1;
				DEVELOPMENT_TEAM = XJ5MZJRQ8C;
				ENABLE_PREVIEWS = YES;
				GENERATE_INFOPLIST_FILE = YES;
				INFOPLIST_FILE = "NFB Test/Info.plist";
				INFOPLIST_KEY_NSLocalNetworkUsageDescription = "NFB Test uses your local network to connect controller and participant devices nearby.";
				INFOPLIST_KEY_UIApplicationSceneManifest_Generation = YES;
				INFOPLIST_KEY_UIApplicationSupportsIndirectInputEvents = YES;
				INFOPLIST_KEY_UILaunchScreen_Generation = YES;
				INFOPLIST_KEY_UISupportedInterfaceOrientations_iPad = "UIInterfaceOrientationPortrait UIInterfaceOrientationPortraitUpsideDown UIInterfaceOrientationLandscapeLeft UIInterfaceOrientationLandscapeRight";
				INFOPLIST_KEY_UISupportedInterfaceOrientations_iPhone = "UIInterfaceOrientationPortrait UIInterfaceOrientationLandscapeLeft UIInterfaceOrientationLandscapeRight";
				LD_RUNPATH_SEARCH_PATHS = (
					"$(inherited)",
					"@executable_path/Frameworks",
				);
				MARKETING_VERSION = 1.0;
				PRODUCT_BUNDLE_IDENTIFIER = edu.northeastern.unarlabs.NFBTactile;
				PRODUCT_NAME = "$(TARGET_NAME)";
				SWIFT_EMIT_LOC_STRINGS = YES;
				SWIFT_VERSION = 5.0;
				TARGETED_DEVICE_FAMILY = "1,2";
			};
			name = Debug;
		};
		C49CDC082EEEF33F0010FDE4 /* Release */ = {
			isa = XCBuildConfiguration;
			buildSettings = {
				ASSETCATALOG_COMPILER_APPICON_NAME = AppIcon;
				ASSETCATALOG_COMPILER_GLOBAL_ACCENT_COLOR_NAME = AccentColor;
				CODE_SIGN_STYLE = Automatic;
				CURRENT_PROJECT_VERSION = 1;
				DEVELOPMENT_TEAM = XJ5MZJRQ8C;
				ENABLE_PREVIEWS = YES;
				GENERATE_INFOPLIST_FILE = YES;
				INFOPLIST_FILE = "NFB Test/Info.plist";
				INFOPLIST_KEY_NSLocalNetworkUsageDescription = "NFB Test uses your local network to connect controller and participant devices nearby.";
				INFOPLIST_KEY_UIApplicationSceneManifest_Generation = YES;
				INFOPLIST_KEY_UIApplicationSupportsIndirectInputEvents = YES;
				INFOPLIST_KEY_UILaunchScreen_Generation = YES;
				INFOPLIST_KEY_UISupportedInterfaceOrientations_iPad = "UIInterfaceOrientationPortrait UIInterfaceOrientationPortraitUpsideDown UIInterfaceOrientationLandscapeLeft UIInterfaceOrientationLandscapeRight";
				INFOPLIST_KEY_UISupportedInterfaceOrientations_iPhone = "UIInterfaceOrientationPortrait UIInterfaceOrientationLandscapeLeft UIInterfaceOrientationLandscapeRight";
				LD_RUNPATH_SEARCH_PATHS = (
					"$(inherited)",
					"@executable_path/Frameworks",
				);
				MARKETING_VERSION = 1.0;
				PRODUCT_BUNDLE_IDENTIFIER = edu.northeastern.unarlabs.NFBTactile;
				PRODUCT_NAME = "$(TARGET_NAME)";
				SWIFT_EMIT_LOC_STRINGS = YES;
				SWIFT_VERSION = 5.0;
				TARGETED_DEVICE_FAMILY = "1,2";
			};
			name = Release;
		};
		C49CDC0A2EEEF33F0010FDE4 /* Debug */ = {
			isa = XCBuildConfiguration;
			buildSettings = {
				BUNDLE_LOADER = "$(TEST_HOST)";
				CODE_SIGN_STYLE = Automatic;
				CURRENT_PROJECT_VERSION = 1;
				DEVELOPMENT_TEAM = XJ5MZJRQ8C;
				GENERATE_INFOPLIST_FILE = YES;
				IPHONEOS_DEPLOYMENT_TARGET = 18.5;
				MARKETING_VERSION = 1.0;
				PRODUCT_BUNDLE_IDENTIFIER = edu.northeastern.unarlabs.NFBTactile.tests;
				PRODUCT_NAME = "$(TARGET_NAME)";
				SWIFT_EMIT_LOC_STRINGS = NO;
				SWIFT_VERSION = 5.0;
				TARGETED_DEVICE_FAMILY = "1,2";
				TEST_HOST = "$(BUILT_PRODUCTS_DIR)/NFB Test.app/$(BUNDLE_EXECUTABLE_FOLDER_PATH)/NFB Test";
			};
			name = Debug;
		};
		C49CDC0B2EEEF33F0010FDE4 /* Release */ = {
			isa = XCBuildConfiguration;
			buildSettings = {
				BUNDLE_LOADER = "$(TEST_HOST)";
				CODE_SIGN_STYLE = Automatic;
				CURRENT_PROJECT_VERSION = 1;
				DEVELOPMENT_TEAM = XJ5MZJRQ8C;
				GENERATE_INFOPLIST_FILE = YES;
				IPHONEOS_DEPLOYMENT_TARGET = 18.5;
				MARKETING_VERSION = 1.0;
				PRODUCT_BUNDLE_IDENTIFIER = edu.northeastern.unarlabs.NFBTactile.tests;
				PRODUCT_NAME = "$(TARGET_NAME)";
				SWIFT_EMIT_LOC_STRINGS = NO;
				SWIFT_VERSION = 5.0;
				TARGETED_DEVICE_FAMILY = "1,2";
				TEST_HOST = "$(BUILT_PRODUCTS_DIR)/NFB Test.app/$(BUNDLE_EXECUTABLE_FOLDER_PATH)/NFB Test";
			};
			name = Release;
		};
		C49CDC0D2EEEF33F0010FDE4 /* Debug */ = {
			isa = XCBuildConfiguration;
			buildSettings = {
				CODE_SIGN_STYLE = Automatic;
				CURRENT_PROJECT_VERSION = 1;
				DEVELOPMENT_TEAM = XJ5MZJRQ8C;
				GENERATE_INFOPLIST_FILE = YES;
				MARKETING_VERSION = 1.0;
				PRODUCT_BUNDLE_IDENTIFIER = edu.northeastern.unarlabs.NFBTactile.uitests;
				PRODUCT_NAME = "$(TARGET_NAME)";
				SWIFT_EMIT_LOC_STRINGS = NO;
				SWIFT_VERSION = 5.0;
				TARGETED_DEVICE_FAMILY = "1,2";
				TEST_TARGET_NAME = "NFB Test";
			};
			name = Debug;
		};
		C49CDC0E2EEEF33F0010FDE4 /* Release */ = {
			isa = XCBuildConfiguration;
			buildSettings = {
				CODE_SIGN_STYLE = Automatic;
				CURRENT_PROJECT_VERSION = 1;
				DEVELOPMENT_TEAM = XJ5MZJRQ8C;
				GENERATE_INFOPLIST_FILE = YES;
				MARKETING_VERSION = 1.0;
				PRODUCT_BUNDLE_IDENTIFIER = edu.northeastern.unarlabs.NFBTactile.uitests;
				PRODUCT_NAME = "$(TARGET_NAME)";
				SWIFT_EMIT_LOC_STRINGS = NO;
				SWIFT_VERSION = 5.0;
				TARGETED_DEVICE_FAMILY = "1,2";
				TEST_TARGET_NAME = "NFB Test";
			};
			name = Release;
		};
/* End XCBuildConfiguration section */

/* Begin XCConfigurationList section */
		C49CDBE02EEEF33E0010FDE4 /* Build configuration list for PBXProject "NFB Test" */ = {
			isa = XCConfigurationList;
			buildConfigurations = (
				C49CDC042EEEF33F0010FDE4 /* Debug */,
				C49CDC052EEEF33F0010FDE4 /* Release */,
			);
			defaultConfigurationIsVisible = 0;
			defaultConfigurationName = Release;
		};
		C49CDC062EEEF33F0010FDE4 /* Build configuration list for PBXNativeTarget "NFB Test" */ = {
			isa = XCConfigurationList;
			buildConfigurations = (
				C49CDC072EEEF33F0010FDE4 /* Debug */,
				C49CDC082EEEF33F0010FDE4 /* Release */,
			);
			defaultConfigurationIsVisible = 0;
			defaultConfigurationName = Release;
		};
		C49CDC092EEEF33F0010FDE4 /* Build configuration list for PBXNativeTarget "NFB TestTests" */ = {
			isa = XCConfigurationList;
			buildConfigurations = (
				C49CDC0A2EEEF33F0010FDE4 /* Debug */,
				C49CDC0B2EEEF33F0010FDE4 /* Release */,
			);
			defaultConfigurationIsVisible = 0;
			defaultConfigurationName = Release;
		};
		C49CDC0C2EEEF33F0010FDE4 /* Build configuration list for PBXNativeTarget "NFB TestUITests" */ = {
			isa = XCConfigurationList;
			buildConfigurations = (
				C49CDC0D2EEEF33F0010FDE4 /* Debug */,
				C49CDC0E2EEEF33F0010FDE4 /* Release */,
			);
			defaultConfigurationIsVisible = 0;
			defaultConfigurationName = Release;
		};
/* End XCConfigurationList section */

/* Begin XCRemoteSwiftPackageReference section */
		C49CDCE62F1552CF0010FDE4 /* XCRemoteSwiftPackageReference "SenseKit" */ = {
			isa = XCRemoteSwiftPackageReference;
			repositoryURL = "https://github.com/arnavvaryani/SenseKit.git";
			requirement = {
				branch = master;
				kind = branch;
			};
		};
/* End XCRemoteSwiftPackageReference section */

/* Begin XCSwiftPackageProductDependency section */
		C49CDCE72F1552CF0010FDE4 /* SenseKit */ = {
			isa = XCSwiftPackageProductDependency;
			package = C49CDCE62F1552CF0010FDE4 /* XCRemoteSwiftPackageReference "SenseKit" */;
			productName = SenseKit;
		};
/* End XCSwiftPackageProductDependency section */
	};
	rootObject = C49CDBDD2EEEF33E0010FDE4 /* Project object */;
}
